
Microsoft Visual Studio Solution File, Format Version 12.00
# Visual Studio Version 17
VisualStudioVersion = 17.3.32922.545
MinimumVisualStudioVersion = 10.0.40219.1
Project("{FAE04EC0-301F-11D3-BF4B-00C04F79EFBC}") = "ArrarTask1", "ArrarTask1\ArrarTask1.csproj", "{0EF9B2F5-A551-4B3F-B4B8-8F97ECB5A10F}"
EndProject
Global
	GlobalSection(SolutionConfigurationPlatforms) = preSolution
		Debug|Any CPU = Debug|Any CPU
		Release|Any CPU = Release|Any CPU
	EndGlobalSection
	GlobalSection(ProjectConfigurationPlatforms) = postSolution
		{0EF9B2F5-A551-4B3F-B4B8-8F97ECB5A10F}.Debug|Any CPU.ActiveCfg = Debug|Any CPU
		{0EF9B2F5-A551-4B3F-B4B8-8F97ECB5A10F}.Debug|Any CPU.Build.0 = Debug|Any CPU
		{0EF9B2F5-A551-4B3F-B4B8-8F97ECB5A10F}.Release|Any CPU.ActiveCfg = Release|Any CPU
		{0EF9B2F5-A551-4B3F-B4B8-8F97ECB5A10F}.Release|Any CPU.Build.0 = Release|Any CPU
	EndGlobalSection
	GlobalSection(SolutionProperties) = preSolution
		HideSolutionNode = FALSE
	EndGlobalSection
	GlobalSection(ExtensibilityGlobals) = postSolution
		SolutionGuid = {FEF9F594-56EC-4A3E-B19D-E56CC7A0FF7D}
	EndGlobalSection
EndGlobal
